
Microsoft Visual Studio Solution File, Format Version 12.00
# Visual Studio 14
VisualStudioVersion = 14.0.25420.1
MinimumVisualStudioVersion = 10.0.40219.1
Project("{FAE04EC0-301F-11D3-BF4B-00C04F79EFBC}") = "StrapUp", "StrapUp\StrapUp.Forms\StrapUp.csproj", "{14C534B6-1984-41A9-A384-D3A5508588E3}"
EndProject
Project("{FAE04EC0-301F-11D3-BF4B-00C04F79EFBC}") = "TestApp", "TestApp\TestApp\TestApp.csproj", "{58D3A4AD-D477-4FD7-9A73-AEE2A0DDF8BC}"
EndProject
Project("{FAE04EC0-301F-11D3-BF4B-00C04F79EFBC}") = "TestApp.Droid", "TestApp\TestApp.Droid\TestApp.Droid.csproj", "{A7B2CDFF-A26F-4173-9D3F-E15FE2A25A17}"
EndProject
Project("{FAE04EC0-301F-11D3-BF4B-00C04F79EFBC}") = "TestApp.iOS", "TestApp\TestApp.iOS\TestApp.iOS.csproj", "{EC3FA14C-9753-424E-84A0-26C71326F3C5}"
EndProject
Project("{FAE04EC0-301F-11D3-BF4B-00C04F79EFBC}") = "TestApp.UWP", "TestApp\TestApp.UWP\TestApp.UWP.csproj", "{3A4F4570-88C4-4626-B60D-F1D2341C7F45}"
EndProject
Project("{FAE04EC0-301F-11D3-BF4B-00C04F79EFBC}") = "NuGet.Packager", "NuGet.Packager\NuGet.Packager.csproj", "{0451BAEF-DF2E-4B98-8644-94EE9415E389}"
EndProject
Global
	GlobalSection(SolutionConfigurationPlatforms) = preSolution
		Ad-Hoc|Any CPU = Ad-Hoc|Any CPU
		Ad-Hoc|ARM = Ad-Hoc|ARM
		Ad-Hoc|iPhone = Ad-Hoc|iPhone
		Ad-Hoc|iPhoneSimulator = Ad-Hoc|iPhoneSimulator
		Ad-Hoc|x64 = Ad-Hoc|x64
		Ad-Hoc|x86 = Ad-Hoc|x86
		AppStore|Any CPU = AppStore|Any CPU
		AppStore|ARM = AppStore|ARM
		AppStore|iPhone = AppStore|iPhone
		AppStore|iPhoneSimulator = AppStore|iPhoneSimulator
		AppStore|x64 = AppStore|x64
		AppStore|x86 = AppStore|x86
		Debug|Any CPU = Debug|Any CPU
		Debug|ARM = Debug|ARM
		Debug|iPhone = Debug|iPhone
		Debug|iPhoneSimulator = Debug|iPhoneSimulator
		Debug|x64 = Debug|x64
		Debug|x86 = Debug|x86
		Release|Any CPU = Release|Any CPU
		Release|ARM = Release|ARM
		Release|iPhone = Release|iPhone
		Release|iPhoneSimulator = Release|iPhoneSimulator
		Release|x64 = Release|x64
		Release|x86 = Release|x86
	EndGlobalSection
	GlobalSection(ProjectConfigurationPlatforms) = postSolution
		{14C534B6-1984-41A9-A384-D3A5508588E3}.Ad-Hoc|Any CPU.ActiveCfg = Release|Any CPU
		{14C534B6-1984-41A9-A384-D3A5508588E3}.Ad-Hoc|Any CPU.Build.0 = Release|Any CPU
		{14C534B6-1984-41A9-A384-D3A5508588E3}.Ad-Hoc|ARM.ActiveCfg = Release|Any CPU
		{14C534B6-1984-41A9-A384-D3A5508588E3}.Ad-Hoc|ARM.Build.0 = Release|Any CPU
		{14C534B6-1984-41A9-A384-D3A5508588E3}.Ad-Hoc|iPhone.ActiveCfg = Release|Any CPU
		{14C534B6-1984-41A9-A384-D3A5508588E3}.Ad-Hoc|iPhone.Build.0 = Release|Any CPU
		{14C534B6-1984-41A9-A384-D3A5508588E3}.Ad-Hoc|iPhoneSimulator.ActiveCfg = Release|Any CPU
		{14C534B6-1984-41A9-A384-D3A5508588E3}.Ad-Hoc|iPhoneSimulator.Build.0 = Release|Any CPU
		{14C534B6-1984-41A9-A384-D3A5508588E3}.Ad-Hoc|x64.ActiveCfg = Release|Any CPU
		{14C534B6-1984-41A9-A384-D3A5508588E3}.Ad-Hoc|x64.Build.0 = Release|Any CPU
		{14C534B6-1984-41A9-A384-D3A5508588E3}.Ad-Hoc|x86.ActiveCfg = Release|Any CPU
		{14C534B6-1984-41A9-A384-D3A5508588E3}.Ad-Hoc|x86.Build.0 = Release|Any CPU
		{14C534B6-1984-41A9-A384-D3A5508588E3}.AppStore|Any CPU.ActiveCfg = Release|Any CPU
		{14C534B6-1984-41A9-A384-D3A5508588E3}.AppStore|Any CPU.Build.0 = Release|Any CPU
		{14C534B6-1984-41A9-A384-D3A5508588E3}.AppStore|ARM.ActiveCfg = Release|Any CPU
		{14C534B6-1984-41A9-A384-D3A5508588E3}.AppStore|ARM.Build.0 = Release|Any CPU
		{14C534B6-1984-41A9-A384-D3A5508588E3}.AppStore|iPhone.ActiveCfg = Release|Any CPU
		{14C534B6-1984-41A9-A384-D3A5508588E3}.AppStore|iPhone.Build.0 = Release|Any CPU
		{14C534B6-1984-41A9-A384-D3A5508588E3}.AppStore|iPhoneSimulator.ActiveCfg = Release|Any CPU
		{14C534B6-1984-41A9-A384-D3A5508588E3}.AppStore|iPhoneSimulator.Build.0 = Release|Any CPU
		{14C534B6-1984-41A9-A384-D3A5508588E3}.AppStore|x64.ActiveCfg = Release|Any CPU
		{14C534B6-1984-41A9-A384-D3A5508588E3}.AppStore|x64.Build.0 = Release|Any CPU
		{14C534B6-1984-41A9-A384-D3A5508588E3}.AppStore|x86.ActiveCfg = Release|Any CPU
		{14C534B6-1984-41A9-A384-D3A5508588E3}.AppStore|x86.Build.0 = Release|Any CPU
		{14C534B6-1984-41A9-A384-D3A5508588E3}.Debug|Any CPU.ActiveCfg = Debug|Any CPU
		{14C534B6-1984-41A9-A384-D3A5508588E3}.Debug|Any CPU.Build.0 = Debug|Any CPU
		{14C534B6-1984-41A9-A384-D3A5508588E3}.Debug|ARM.ActiveCfg = Debug|Any CPU
		{14C534B6-1984-41A9-A384-D3A5508588E3}.Debug|ARM.Build.0 = Debug|Any CPU
		{14C534B6-1984-41A9-A384-D3A5508588E3}.Debug|iPhone.ActiveCfg = Debug|Any CPU
		{14C534B6-1984-41A9-A384-D3A5508588E3}.Debug|iPhone.Build.0 = Debug|Any CPU
		{14C534B6-1984-41A9-A384-D3A5508588E3}.Debug|iPhoneSimulator.ActiveCfg = Debug|Any CPU
		{14C534B6-1984-41A9-A384-D3A5508588E3}.Debug|iPhoneSimulator.Build.0 = Debug|Any CPU
		{14C534B6-1984-41A9-A384-D3A5508588E3}.Debug|x64.ActiveCfg = Debug|Any CPU
		{14C534B6-1984-41A9-A384-D3A5508588E3}.Debug|x64.Build.0 = Debug|Any CPU
		{14C534B6-1984-41A9-A384-D3A5508588E3}.Debug|x86.ActiveCfg = Debug|Any CPU
		{14C534B6-1984-41A9-A384-D3A5508588E3}.Debug|x86.Build.0 = Debug|Any CPU
		{14C534B6-1984-41A9-A384-D3A5508588E3}.Release|Any CPU.ActiveCfg = Release|Any CPU
		{14C534B6-1984-41A9-A384-D3A5508588E3}.Release|Any CPU.Build.0 = Release|Any CPU
		{14C534B6-1984-41A9-A384-D3A5508588E3}.Release|ARM.ActiveCfg = Release|Any CPU
		{14C534B6-1984-41A9-A384-D3A5508588E3}.Release|ARM.Build.0 = Release|Any CPU
		{14C534B6-1984-41A9-A384-D3A5508588E3}.Release|iPhone.ActiveCfg = Release|Any CPU
		{14C534B6-1984-41A9-A384-D3A5508588E3}.Release|iPhone.Build.0 = Release|Any CPU
		{14C534B6-1984-41A9-A384-D3A5508588E3}.Release|iPhoneSimulator.ActiveCfg = Release|Any CPU
		{14C534B6-1984-41A9-A384-D3A5508588E3}.Release|iPhoneSimulator.Build.0 = Release|Any CPU
		{14C534B6-1984-41A9-A384-D3A5508588E3}.Release|x64.ActiveCfg = Release|Any CPU
		{14C534B6-1984-41A9-A384-D3A5508588E3}.Release|x64.Build.0 = Release|Any CPU
		{14C534B6-1984-41A9-A384-D3A5508588E3}.Release|x86.ActiveCfg = Release|Any CPU
		{14C534B6-1984-41A9-A384-D3A5508588E3}.Release|x86.Build.0 = Release|Any CPU
		{58D3A4AD-D477-4FD7-9A73-AEE2A0DDF8BC}.Ad-Hoc|Any CPU.ActiveCfg = Release|Any CPU
		{58D3A4AD-D477-4FD7-9A73-AEE2A0DDF8BC}.Ad-Hoc|Any CPU.Build.0 = Release|Any CPU
		{58D3A4AD-D477-4FD7-9A73-AEE2A0DDF8BC}.Ad-Hoc|ARM.ActiveCfg = Release|Any CPU
		{58D3A4AD-D477-4FD7-9A73-AEE2A0DDF8BC}.Ad-Hoc|ARM.Build.0 = Release|Any CPU
		{58D3A4AD-D477-4FD7-9A73-AEE2A0DDF8BC}.Ad-Hoc|iPhone.ActiveCfg = Release|Any CPU
		{58D3A4AD-D477-4FD7-9A73-AEE2A0DDF8BC}.Ad-Hoc|iPhone.Build.0 = Release|Any CPU
		{58D3A4AD-D477-4FD7-9A73-AEE2A0DDF8BC}.Ad-Hoc|iPhoneSimulator.ActiveCfg = Release|Any CPU
		{58D3A4AD-D477-4FD7-9A73-AEE2A0DDF8BC}.Ad-Hoc|iPhoneSimulator.Build.0 = Release|Any CPU
		{58D3A4AD-D477-4FD7-9A73-AEE2A0DDF8BC}.Ad-Hoc|x64.ActiveCfg = Release|Any CPU
		{58D3A4AD-D477-4FD7-9A73-AEE2A0DDF8BC}.Ad-Hoc|x64.Build.0 = Release|Any CPU
		{58D3A4AD-D477-4FD7-9A73-AEE2A0DDF8BC}.Ad-Hoc|x86.ActiveCfg = Release|Any CPU
		{58D3A4AD-D477-4FD7-9A73-AEE2A0DDF8BC}.Ad-Hoc|x86.Build.0 = Release|Any CPU
		{58D3A4AD-D477-4FD7-9A73-AEE2A0DDF8BC}.AppStore|Any CPU.ActiveCfg = Release|Any CPU
		{58D3A4AD-D477-4FD7-9A73-AEE2A0DDF8BC}.AppStore|Any CPU.Build.0 = Release|Any CPU
		{58D3A4AD-D477-4FD7-9A73-AEE2A0DDF8BC}.AppStore|ARM.ActiveCfg = Release|Any CPU
		{58D3A4AD-D477-4FD7-9A73-AEE2A0DDF8BC}.AppStore|ARM.Build.0 = Release|Any CPU
		{58D3A4AD-D477-4FD7-9A73-AEE2A0DDF8BC}.AppStore|iPhone.ActiveCfg = Release|Any CPU
		{58D3A4AD-D477-4FD7-9A73-AEE2A0DDF8BC}.AppStore|iPhone.Build.0 = Release|Any CPU
		{58D3A4AD-D477-4FD7-9A73-AEE2A0DDF8BC}.AppStore|iPhoneSimulator.ActiveCfg = Release|Any CPU
		{58D3A4AD-D477-4FD7-9A73-AEE2A0DDF8BC}.AppStore|iPhoneSimulator.Build.0 = Release|Any CPU
		{58D3A4AD-D477-4FD7-9A73-AEE2A0DDF8BC}.AppStore|x64.ActiveCfg = Release|Any CPU
		{58D3A4AD-D477-4FD7-9A73-AEE2A0DDF8BC}.AppStore|x64.Build.0 = Release|Any CPU
		{58D3A4AD-D477-4FD7-9A73-AEE2A0DDF8BC}.AppStore|x86.ActiveCfg = Release|Any CPU
		{58D3A4AD-D477-4FD7-9A73-AEE2A0DDF8BC}.AppStore|x86.Build.0 = Release|Any CPU
		{58D3A4AD-D477-4FD7-9A73-AEE2A0DDF8BC}.Debug|Any CPU.ActiveCfg = Debug|Any CPU
		{58D3A4AD-D477-4FD7-9A73-AEE2A0DDF8BC}.Debug|Any CPU.Build.0 = Debug|Any CPU
		{58D3A4AD-D477-4FD7-9A73-AEE2A0DDF8BC}.Debug|ARM.ActiveCfg = Debug|Any CPU
		{58D3A4AD-D477-4FD7-9A73-AEE2A0DDF8BC}.Debug|ARM.Build.0 = Debug|Any CPU
		{58D3A4AD-D477-4FD7-9A73-AEE2A0DDF8BC}.Debug|iPhone.ActiveCfg = Debug|Any CPU
		{58D3A4AD-D477-4FD7-9A73-AEE2A0DDF8BC}.Debug|iPhone.Build.0 = Debug|Any CPU
		{58D3A4AD-D477-4FD7-9A73-AEE2A0DDF8BC}.Debug|iPhoneSimulator.ActiveCfg = Debug|Any CPU
		{58D3A4AD-D477-4FD7-9A73-AEE2A0DDF8BC}.Debug|iPhoneSimulator.Build.0 = Debug|Any CPU
		{58D3A4AD-D477-4FD7-9A73-AEE2A0DDF8BC}.Debug|x64.ActiveCfg = Debug|Any CPU
		{58D3A4AD-D477-4FD7-9A73-AEE2A0DDF8BC}.Debug|x64.Build.0 = Debug|Any CPU
		{58D3A4AD-D477-4FD7-9A73-AEE2A0DDF8BC}.Debug|x86.ActiveCfg = Debug|Any CPU
		{58D3A4AD-D477-4FD7-9A73-AEE2A0DDF8BC}.Debug|x86.Build.0 = Debug|Any CPU
		{58D3A4AD-D477-4FD7-9A73-AEE2A0DDF8BC}.Release|Any CPU.ActiveCfg = Release|Any CPU
		{58D3A4AD-D477-4FD7-9A73-AEE2A0DDF8BC}.Release|Any CPU.Build.0 = Release|Any CPU
		{58D3A4AD-D477-4FD7-9A73-AEE2A0DDF8BC}.Release|ARM.ActiveCfg = Release|Any CPU
		{58D3A4AD-D477-4FD7-9A73-AEE2A0DDF8BC}.Release|ARM.Build.0 = Release|Any CPU
		{58D3A4AD-D477-4FD7-9A73-AEE2A0DDF8BC}.Release|iPhone.ActiveCfg = Release|Any CPU
		{58D3A4AD-D477-4FD7-9A73-AEE2A0DDF8BC}.Release|iPhone.Build.0 = Release|Any CPU
		{58D3A4AD-D477-4FD7-9A73-AEE2A0DDF8BC}.Release|iPhoneSimulator.ActiveCfg = Release|Any CPU
		{58D3A4AD-D477-4FD7-9A73-AEE2A0DDF8BC}.Release|iPhoneSimulator.Build.0 = Release|Any CPU
		{58D3A4AD-D477-4FD7-9A73-AEE2A0DDF8BC}.Release|x64.ActiveCfg = Release|Any CPU
		{58D3A4AD-D477-4FD7-9A73-AEE2A0DDF8BC}.Release|x64.Build.0 = Release|Any CPU
		{58D3A4AD-D477-4FD7-9A73-AEE2A0DDF8BC}.Release|x86.ActiveCfg = Release|Any CPU
		{58D3A4AD-D477-4FD7-9A73-AEE2A0DDF8BC}.Release|x86.Build.0 = Release|Any CPU
		{A7B2CDFF-A26F-4173-9D3F-E15FE2A25A17}.Ad-Hoc|Any CPU.ActiveCfg = Release|Any CPU
		{A7B2CDFF-A26F-4173-9D3F-E15FE2A25A17}.Ad-Hoc|Any CPU.Build.0 = Release|Any CPU
		{A7B2CDFF-A26F-4173-9D3F-E15FE2A25A17}.Ad-Hoc|Any CPU.Deploy.0 = Release|Any CPU
		{A7B2CDFF-A26F-4173-9D3F-E15FE2A25A17}.Ad-Hoc|ARM.ActiveCfg = Release|Any CPU
		{A7B2CDFF-A26F-4173-9D3F-E15FE2A25A17}.Ad-Hoc|ARM.Build.0 = Release|Any CPU
		{A7B2CDFF-A26F-4173-9D3F-E15FE2A25A17}.Ad-Hoc|ARM.Deploy.0 = Release|Any CPU
		{A7B2CDFF-A26F-4173-9D3F-E15FE2A25A17}.Ad-Hoc|iPhone.ActiveCfg = Release|Any CPU
		{A7B2CDFF-A26F-4173-9D3F-E15FE2A25A17}.Ad-Hoc|iPhone.Build.0 = Release|Any CPU
		{A7B2CDFF-A26F-4173-9D3F-E15FE2A25A17}.Ad-Hoc|iPhone.Deploy.0 = Release|Any CPU
		{A7B2CDFF-A26F-4173-9D3F-E15FE2A25A17}.Ad-Hoc|iPhoneSimulator.ActiveCfg = Release|Any CPU
		{A7B2CDFF-A26F-4173-9D3F-E15FE2A25A17}.Ad-Hoc|iPhoneSimulator.Build.0 = Release|Any CPU
		{A7B2CDFF-A26F-4173-9D3F-E15FE2A25A17}.Ad-Hoc|iPhoneSimulator.Deploy.0 = Release|Any CPU
		{A7B2CDFF-A26F-4173-9D3F-E15FE2A25A17}.Ad-Hoc|x64.ActiveCfg = Release|Any CPU
		{A7B2CDFF-A26F-4173-9D3F-E15FE2A25A17}.Ad-Hoc|x64.Build.0 = Release|Any CPU
		{A7B2CDFF-A26F-4173-9D3F-E15FE2A25A17}.Ad-Hoc|x64.Deploy.0 = Release|Any CPU
		{A7B2CDFF-A26F-4173-9D3F-E15FE2A25A17}.Ad-Hoc|x86.ActiveCfg = Release|Any CPU
		{A7B2CDFF-A26F-4173-9D3F-E15FE2A25A17}.Ad-Hoc|x86.Build.0 = Release|Any CPU
		{A7B2CDFF-A26F-4173-9D3F-E15FE2A25A17}.Ad-Hoc|x86.Deploy.0 = Release|Any CPU
		{A7B2CDFF-A26F-4173-9D3F-E15FE2A25A17}.AppStore|Any CPU.ActiveCfg = Release|Any CPU
		{A7B2CDFF-A26F-4173-9D3F-E15FE2A25A17}.AppStore|Any CPU.Build.0 = Release|Any CPU
		{A7B2CDFF-A26F-4173-9D3F-E15FE2A25A17}.AppStore|Any CPU.Deploy.0 = Release|Any CPU
		{A7B2CDFF-A26F-4173-9D3F-E15FE2A25A17}.AppStore|ARM.ActiveCfg = Release|Any CPU
		{A7B2CDFF-A26F-4173-9D3F-E15FE2A25A17}.AppStore|ARM.Build.0 = Release|Any CPU
		{A7B2CDFF-A26F-4173-9D3F-E15FE2A25A17}.AppStore|ARM.Deploy.0 = Release|Any CPU
		{A7B2CDFF-A26F-4173-9D3F-E15FE2A25A17}.AppStore|iPhone.ActiveCfg = Release|Any CPU
		{A7B2CDFF-A26F-4173-9D3F-E15FE2A25A17}.AppStore|iPhone.Build.0 = Release|Any CPU
		{A7B2CDFF-A26F-4173-9D3F-E15FE2A25A17}.AppStore|iPhone.Deploy.0 = Release|Any CPU
		{A7B2CDFF-A26F-4173-9D3F-E15FE2A25A17}.AppStore|iPhoneSimulator.ActiveCfg = Release|Any CPU
		{A7B2CDFF-A26F-4173-9D3F-E15FE2A25A17}.AppStore|iPhoneSimulator.Build.0 = Release|Any CPU
		{A7B2CDFF-A26F-4173-9D3F-E15FE2A25A17}.AppStore|iPhoneSimulator.Deploy.0 = Release|Any CPU
		{A7B2CDFF-A26F-4173-9D3F-E15FE2A25A17}.AppStore|x64.ActiveCfg = Release|Any CPU
		{A7B2CDFF-A26F-4173-9D3F-E15FE2A25A17}.AppStore|x64.Build.0 = Release|Any CPU
		{A7B2CDFF-A26F-4173-9D3F-E15FE2A25A17}.AppStore|x64.Deploy.0 = Release|Any CPU
		{A7B2CDFF-A26F-4173-9D3F-E15FE2A25A17}.AppStore|x86.ActiveCfg = Release|Any CPU
		{A7B2CDFF-A26F-4173-9D3F-E15FE2A25A17}.AppStore|x86.Build.0 = Release|Any CPU
		{A7B2CDFF-A26F-4173-9D3F-E15FE2A25A17}.AppStore|x86.Deploy.0 = Release|Any CPU
		{A7B2CDFF-A26F-4173-9D3F-E15FE2A25A17}.Debug|Any CPU.ActiveCfg = Debug|Any CPU
		{A7B2CDFF-A26F-4173-9D3F-E15FE2A25A17}.Debug|Any CPU.Build.0 = Debug|Any CPU
		{A7B2CDFF-A26F-4173-9D3F-E15FE2A25A17}.Debug|Any CPU.Deploy.0 = Debug|Any CPU
		{A7B2CDFF-A26F-4173-9D3F-E15FE2A25A17}.Debug|ARM.ActiveCfg = Debug|Any CPU
		{A7B2CDFF-A26F-4173-9D3F-E15FE2A25A17}.Debug|ARM.Build.0 = Debug|Any CPU
		{A7B2CDFF-A26F-4173-9D3F-E15FE2A25A17}.Debug|ARM.Deploy.0 = Debug|Any CPU
		{A7B2CDFF-A26F-4173-9D3F-E15FE2A25A17}.Debug|iPhone.ActiveCfg = Debug|Any CPU
		{A7B2CDFF-A26F-4173-9D3F-E15FE2A25A17}.Debug|iPhone.Build.0 = Debug|Any CPU
		{A7B2CDFF-A26F-4173-9D3F-E15FE2A25A17}.Debug|iPhone.Deploy.0 = Debug|Any CPU
		{A7B2CDFF-A26F-4173-9D3F-E15FE2A25A17}.Debug|iPhoneSimulator.ActiveCfg = Debug|Any CPU
		{A7B2CDFF-A26F-4173-9D3F-E15FE2A25A17}.Debug|iPhoneSimulator.Build.0 = Debug|Any CPU
		{A7B2CDFF-A26F-4173-9D3F-E15FE2A25A17}.Debug|iPhoneSimulator.Deploy.0 = Debug|Any CPU
		{A7B2CDFF-A26F-4173-9D3F-E15FE2A25A17}.Debug|x64.ActiveCfg = Debug|Any CPU
		{A7B2CDFF-A26F-4173-9D3F-E15FE2A25A17}.Debug|x64.Build.0 = Debug|Any CPU
		{A7B2CDFF-A26F-4173-9D3F-E15FE2A25A17}.Debug|x64.Deploy.0 = Debug|Any CPU
		{A7B2CDFF-A26F-4173-9D3F-E15FE2A25A17}.Debug|x86.ActiveCfg = Debug|Any CPU
		{A7B2CDFF-A26F-4173-9D3F-E15FE2A25A17}.Debug|x86.Build.0 = Debug|Any CPU
		{A7B2CDFF-A26F-4173-9D3F-E15FE2A25A17}.Debug|x86.Deploy.0 = Debug|Any CPU
		{A7B2CDFF-A26F-4173-9D3F-E15FE2A25A17}.Release|Any CPU.ActiveCfg = Release|Any CPU
		{A7B2CDFF-A26F-4173-9D3F-E15FE2A25A17}.Release|Any CPU.Build.0 = Release|Any CPU
		{A7B2CDFF-A26F-4173-9D3F-E15FE2A25A17}.Release|Any CPU.Deploy.0 = Release|Any CPU
		{A7B2CDFF-A26F-4173-9D3F-E15FE2A25A17}.Release|ARM.ActiveCfg = Release|Any CPU
		{A7B2CDFF-A26F-4173-9D3F-E15FE2A25A17}.Release|ARM.Build.0 = Release|Any CPU
		{A7B2CDFF-A26F-4173-9D3F-E15FE2A25A17}.Release|ARM.Deploy.0 = Release|Any CPU
		{A7B2CDFF-A26F-4173-9D3F-E15FE2A25A17}.Release|iPhone.ActiveCfg = Release|Any CPU
		{A7B2CDFF-A26F-4173-9D3F-E15FE2A25A17}.Release|iPhone.Build.0 = Release|Any CPU
		{A7B2CDFF-A26F-4173-9D3F-E15FE2A25A17}.Release|iPhone.Deploy.0 = Release|Any CPU
		{A7B2CDFF-A26F-4173-9D3F-E15FE2A25A17}.Release|iPhoneSimulator.ActiveCfg = Release|Any CPU
		{A7B2CDFF-A26F-4173-9D3F-E15FE2A25A17}.Release|iPhoneSimulator.Build.0 = Release|Any CPU
		{A7B2CDFF-A26F-4173-9D3F-E15FE2A25A17}.Release|iPhoneSimulator.Deploy.0 = Release|Any CPU
		{A7B2CDFF-A26F-4173-9D3F-E15FE2A25A17}.Release|x64.ActiveCfg = Release|Any CPU
		{A7B2CDFF-A26F-4173-9D3F-E15FE2A25A17}.Release|x64.Build.0 = Release|Any CPU
		{A7B2CDFF-A26F-4173-9D3F-E15FE2A25A17}.Release|x64.Deploy.0 = Release|Any CPU
		{A7B2CDFF-A26F-4173-9D3F-E15FE2A25A17}.Release|x86.ActiveCfg = Release|Any CPU
		{A7B2CDFF-A26F-4173-9D3F-E15FE2A25A17}.Release|x86.Build.0 = Release|Any CPU
		{A7B2CDFF-A26F-4173-9D3F-E15FE2A25A17}.Release|x86.Deploy.0 = Release|Any CPU
		{EC3FA14C-9753-424E-84A0-26C71326F3C5}.Ad-Hoc|Any CPU.ActiveCfg = Ad-Hoc|iPhone
		{EC3FA14C-9753-424E-84A0-26C71326F3C5}.Ad-Hoc|ARM.ActiveCfg = Ad-Hoc|iPhone
		{EC3FA14C-9753-424E-84A0-26C71326F3C5}.Ad-Hoc|iPhone.ActiveCfg = Ad-Hoc|iPhone
		{EC3FA14C-9753-424E-84A0-26C71326F3C5}.Ad-Hoc|iPhone.Build.0 = Ad-Hoc|iPhone
		{EC3FA14C-9753-424E-84A0-26C71326F3C5}.Ad-Hoc|iPhoneSimulator.ActiveCfg = Ad-Hoc|iPhoneSimulator
		{EC3FA14C-9753-424E-84A0-26C71326F3C5}.Ad-Hoc|iPhoneSimulator.Build.0 = Ad-Hoc|iPhoneSimulator
		{EC3FA14C-9753-424E-84A0-26C71326F3C5}.Ad-Hoc|x64.ActiveCfg = Ad-Hoc|iPhone
		{EC3FA14C-9753-424E-84A0-26C71326F3C5}.Ad-Hoc|x86.ActiveCfg = Ad-Hoc|iPhone
		{EC3FA14C-9753-424E-84A0-26C71326F3C5}.AppStore|Any CPU.ActiveCfg = AppStore|iPhone
		{EC3FA14C-9753-424E-84A0-26C71326F3C5}.AppStore|ARM.ActiveCfg = AppStore|iPhone
		{EC3FA14C-9753-424E-84A0-26C71326F3C5}.AppStore|iPhone.ActiveCfg = AppStore|iPhone
		{EC3FA14C-9753-424E-84A0-26C71326F3C5}.AppStore|iPhone.Build.0 = AppStore|iPhone
		{EC3FA14C-9753-424E-84A0-26C71326F3C5}.AppStore|iPhoneSimulator.ActiveCfg = AppStore|iPhoneSimulator
		{EC3FA14C-9753-424E-84A0-26C71326F3C5}.AppStore|iPhoneSimulator.Build.0 = AppStore|iPhoneSimulator
		{EC3FA14C-9753-424E-84A0-26C71326F3C5}.AppStore|x64.ActiveCfg = AppStore|iPhone
		{EC3FA14C-9753-424E-84A0-26C71326F3C5}.AppStore|x86.ActiveCfg = AppStore|iPhone
		{EC3FA14C-9753-424E-84A0-26C71326F3C5}.Debug|Any CPU.ActiveCfg = Debug|iPhoneSimulator
		{EC3FA14C-9753-424E-84A0-26C71326F3C5}.Debug|Any CPU.Build.0 = Debug|iPhoneSimulator
		{EC3FA14C-9753-424E-84A0-26C71326F3C5}.Debug|Any CPU.Deploy.0 = Debug|iPhoneSimulator
		{EC3FA14C-9753-424E-84A0-26C71326F3C5}.Debug|ARM.ActiveCfg = Debug|iPhone
		{EC3FA14C-9753-424E-84A0-26C71326F3C5}.Debug|iPhone.ActiveCfg = Debug|iPhone
		{EC3FA14C-9753-424E-84A0-26C71326F3C5}.Debug|iPhone.Build.0 = Debug|iPhone
		{EC3FA14C-9753-424E-84A0-26C71326F3C5}.Debug|iPhoneSimulator.ActiveCfg = Debug|iPhoneSimulator
		{EC3FA14C-9753-424E-84A0-26C71326F3C5}.Debug|iPhoneSimulator.Build.0 = Debug|iPhoneSimulator
		{EC3FA14C-9753-424E-84A0-26C71326F3C5}.Debug|iPhoneSimulator.Deploy.0 = Debug|iPhoneSimulator
		{EC3FA14C-9753-424E-84A0-26C71326F3C5}.Debug|x64.ActiveCfg = Debug|iPhone
		{EC3FA14C-9753-424E-84A0-26C71326F3C5}.Debug|x86.ActiveCfg = Debug|iPhone
		{EC3FA14C-9753-424E-84A0-26C71326F3C5}.Release|Any CPU.ActiveCfg = Release|iPhone
		{EC3FA14C-9753-424E-84A0-26C71326F3C5}.Release|ARM.ActiveCfg = Release|iPhone
		{EC3FA14C-9753-424E-84A0-26C71326F3C5}.Release|iPhone.ActiveCfg = Release|iPhone
		{EC3FA14C-9753-424E-84A0-26C71326F3C5}.Release|iPhone.Build.0 = Release|iPhone
		{EC3FA14C-9753-424E-84A0-26C71326F3C5}.Release|iPhoneSimulator.ActiveCfg = Release|iPhoneSimulator
		{EC3FA14C-9753-424E-84A0-26C71326F3C5}.Release|iPhoneSimulator.Build.0 = Release|iPhoneSimulator
		{EC3FA14C-9753-424E-84A0-26C71326F3C5}.Release|x64.ActiveCfg = Release|iPhone
		{EC3FA14C-9753-424E-84A0-26C71326F3C5}.Release|x86.ActiveCfg = Release|iPhone
		{3A4F4570-88C4-4626-B60D-F1D2341C7F45}.Ad-Hoc|Any CPU.ActiveCfg = Release|x86
		{3A4F4570-88C4-4626-B60D-F1D2341C7F45}.Ad-Hoc|Any CPU.Build.0 = Release|x86
		{3A4F4570-88C4-4626-B60D-F1D2341C7F45}.Ad-Hoc|Any CPU.Deploy.0 = Release|x86
		{3A4F4570-88C4-4626-B60D-F1D2341C7F45}.Ad-Hoc|ARM.ActiveCfg = Release|ARM
		{3A4F4570-88C4-4626-B60D-F1D2341C7F45}.Ad-Hoc|ARM.Build.0 = Release|ARM
		{3A4F4570-88C4-4626-B60D-F1D2341C7F45}.Ad-Hoc|ARM.Deploy.0 = Release|ARM
		{3A4F4570-88C4-4626-B60D-F1D2341C7F45}.Ad-Hoc|iPhone.ActiveCfg = Release|x86
		{3A4F4570-88C4-4626-B60D-F1D2341C7F45}.Ad-Hoc|iPhone.Build.0 = Release|x86
		{3A4F4570-88C4-4626-B60D-F1D2341C7F45}.Ad-Hoc|iPhone.Deploy.0 = Release|x86
		{3A4F4570-88C4-4626-B60D-F1D2341C7F45}.Ad-Hoc|iPhoneSimulator.ActiveCfg = Release|x86
		{3A4F4570-88C4-4626-B60D-F1D2341C7F45}.Ad-Hoc|iPhoneSimulator.Build.0 = Release|x86
		{3A4F4570-88C4-4626-B60D-F1D2341C7F45}.Ad-Hoc|iPhoneSimulator.Deploy.0 = Release|x86
		{3A4F4570-88C4-4626-B60D-F1D2341C7F45}.Ad-Hoc|x64.ActiveCfg = Release|x64
		{3A4F4570-88C4-4626-B60D-F1D2341C7F45}.Ad-Hoc|x64.Build.0 = Release|x64
		{3A4F4570-88C4-4626-B60D-F1D2341C7F45}.Ad-Hoc|x64.Deploy.0 = Release|x64
		{3A4F4570-88C4-4626-B60D-F1D2341C7F45}.Ad-Hoc|x86.ActiveCfg = Release|x86
		{3A4F4570-88C4-4626-B60D-F1D2341C7F45}.Ad-Hoc|x86.Build.0 = Release|x86
		{3A4F4570-88C4-4626-B60D-F1D2341C7F45}.Ad-Hoc|x86.Deploy.0 = Release|x86
		{3A4F4570-88C4-4626-B60D-F1D2341C7F45}.AppStore|Any CPU.ActiveCfg = Release|x86
		{3A4F4570-88C4-4626-B60D-F1D2341C7F45}.AppStore|Any CPU.Build.0 = Release|x86
		{3A4F4570-88C4-4626-B60D-F1D2341C7F45}.AppStore|Any CPU.Deploy.0 = Release|x86
		{3A4F4570-88C4-4626-B60D-F1D2341C7F45}.AppStore|ARM.ActiveCfg = Release|ARM
		{3A4F4570-88C4-4626-B60D-F1D2341C7F45}.AppStore|ARM.Build.0 = Release|ARM
		{3A4F4570-88C4-4626-B60D-F1D2341C7F45}.AppStore|ARM.Deploy.0 = Release|ARM
		{3A4F4570-88C4-4626-B60D-F1D2341C7F45}.AppStore|iPhone.ActiveCfg = Release|x86
		{3A4F4570-88C4-4626-B60D-F1D2341C7F45}.AppStore|iPhone.Build.0 = Release|x86
		{3A4F4570-88C4-4626-B60D-F1D2341C7F45}.AppStore|iPhone.Deploy.0 = Release|x86
		{3A4F4570-88C4-4626-B60D-F1D2341C7F45}.AppStore|iPhoneSimulator.ActiveCfg = Release|x86
		{3A4F4570-88C4-4626-B60D-F1D2341C7F45}.AppStore|iPhoneSimulator.Build.0 = Release|x86
		{3A4F4570-88C4-4626-B60D-F1D2341C7F45}.AppStore|iPhoneSimulator.Deploy.0 = Release|x86
		{3A4F4570-88C4-4626-B60D-F1D2341C7F45}.AppStore|x64.ActiveCfg = Release|x64
		{3A4F4570-88C4-4626-B60D-F1D2341C7F45}.AppStore|x64.Build.0 = Release|x64
		{3A4F4570-88C4-4626-B60D-F1D2341C7F45}.AppStore|x64.Deploy.0 = Release|x64
		{3A4F4570-88C4-4626-B60D-F1D2341C7F45}.AppStore|x86.ActiveCfg = Release|x86
		{3A4F4570-88C4-4626-B60D-F1D2341C7F45}.AppStore|x86.Build.0 = Release|x86
		{3A4F4570-88C4-4626-B60D-F1D2341C7F45}.AppStore|x86.Deploy.0 = Release|x86
		{3A4F4570-88C4-4626-B60D-F1D2341C7F45}.Debug|Any CPU.ActiveCfg = Debug|x86
		{3A4F4570-88C4-4626-B60D-F1D2341C7F45}.Debug|Any CPU.Build.0 = Debug|x86
		{3A4F4570-88C4-4626-B60D-F1D2341C7F45}.Debug|Any CPU.Deploy.0 = Debug|x86
		{3A4F4570-88C4-4626-B60D-F1D2341C7F45}.Debug|ARM.ActiveCfg = Debug|ARM
		{3A4F4570-88C4-4626-B60D-F1D2341C7F45}.Debug|ARM.Build.0 = Debug|ARM
		{3A4F4570-88C4-4626-B60D-F1D2341C7F45}.Debug|ARM.Deploy.0 = Debug|ARM
		{3A4F4570-88C4-4626-B60D-F1D2341C7F45}.Debug|iPhone.ActiveCfg = Debug|x86
		{3A4F4570-88C4-4626-B60D-F1D2341C7F45}.Debug|iPhoneSimulator.ActiveCfg = Debug|x86
		{3A4F4570-88C4-4626-B60D-F1D2341C7F45}.Debug|iPhoneSimulator.Build.0 = Debug|x86
		{3A4F4570-88C4-4626-B60D-F1D2341C7F45}.Debug|iPhoneSimulator.Deploy.0 = Debug|x86
		{3A4F4570-88C4-4626-B60D-F1D2341C7F45}.Debug|x64.ActiveCfg = Debug|x64
		{3A4F4570-88C4-4626-B60D-F1D2341C7F45}.Debug|x64.Build.0 = Debug|x64
		{3A4F4570-88C4-4626-B60D-F1D2341C7F45}.Debug|x64.Deploy.0 = Debug|x64
		{3A4F4570-88C4-4626-B60D-F1D2341C7F45}.Debug|x86.ActiveCfg = Debug|x86
		{3A4F4570-88C4-4626-B60D-F1D2341C7F45}.Debug|x86.Build.0 = Debug|x86
		{3A4F4570-88C4-4626-B60D-F1D2341C7F45}.Debug|x86.Deploy.0 = Debug|x86
		{3A4F4570-88C4-4626-B60D-F1D2341C7F45}.Release|Any CPU.ActiveCfg = Release|x86
		{3A4F4570-88C4-4626-B60D-F1D2341C7F45}.Release|ARM.ActiveCfg = Release|ARM
		{3A4F4570-88C4-4626-B60D-F1D2341C7F45}.Release|ARM.Build.0 = Release|ARM
		{3A4F4570-88C4-4626-B60D-F1D2341C7F45}.Release|ARM.Deploy.0 = Release|ARM
		{3A4F4570-88C4-4626-B60D-F1D2341C7F45}.Release|iPhone.ActiveCfg = Release|x86
		{3A4F4570-88C4-4626-B60D-F1D2341C7F45}.Release|iPhoneSimulator.ActiveCfg = Release|x86
		{3A4F4570-88C4-4626-B60D-F1D2341C7F45}.Release|x64.ActiveCfg = Release|x64
		{3A4F4570-88C4-4626-B60D-F1D2341C7F45}.Release|x64.Build.0 = Release|x64
		{3A4F4570-88C4-4626-B60D-F1D2341C7F45}.Release|x64.Deploy.0 = Release|x64
		{3A4F4570-88C4-4626-B60D-F1D2341C7F45}.Release|x86.ActiveCfg = Release|x86
		{3A4F4570-88C4-4626-B60D-F1D2341C7F45}.Release|x86.Build.0 = Release|x86
		{3A4F4570-88C4-4626-B60D-F1D2341C7F45}.Release|x86.Deploy.0 = Release|x86
		{0451BAEF-DF2E-4B98-8644-94EE9415E389}.Ad-Hoc|Any CPU.ActiveCfg = Release|Any CPU
		{0451BAEF-DF2E-4B98-8644-94EE9415E389}.Ad-Hoc|Any CPU.Build.0 = Release|Any CPU
		{0451BAEF-DF2E-4B98-8644-94EE9415E389}.Ad-Hoc|ARM.ActiveCfg = Release|Any CPU
		{0451BAEF-DF2E-4B98-8644-94EE9415E389}.Ad-Hoc|ARM.Build.0 = Release|Any CPU
		{0451BAEF-DF2E-4B98-8644-94EE9415E389}.Ad-Hoc|iPhone.ActiveCfg = Release|Any CPU
		{0451BAEF-DF2E-4B98-8644-94EE9415E389}.Ad-Hoc|iPhone.Build.0 = Release|Any CPU
		{0451BAEF-DF2E-4B98-8644-94EE9415E389}.Ad-Hoc|iPhoneSimulator.ActiveCfg = Release|Any CPU
		{0451BAEF-DF2E-4B98-8644-94EE9415E389}.Ad-Hoc|iPhoneSimulator.Build.0 = Release|Any CPU
		{0451BAEF-DF2E-4B98-8644-94EE9415E389}.Ad-Hoc|x64.ActiveCfg = Release|Any CPU
		{0451BAEF-DF2E-4B98-8644-94EE9415E389}.Ad-Hoc|x64.Build.0 = Release|Any CPU
		{0451BAEF-DF2E-4B98-8644-94EE9415E389}.Ad-Hoc|x86.ActiveCfg = Release|Any CPU
		{0451BAEF-DF2E-4B98-8644-94EE9415E389}.Ad-Hoc|x86.Build.0 = Release|Any CPU
		{0451BAEF-DF2E-4B98-8644-94EE9415E389}.AppStore|Any CPU.ActiveCfg = Release|Any CPU
		{0451BAEF-DF2E-4B98-8644-94EE9415E389}.AppStore|Any CPU.Build.0 = Release|Any CPU
		{0451BAEF-DF2E-4B98-8644-94EE9415E389}.AppStore|ARM.ActiveCfg = Release|Any CPU
		{0451BAEF-DF2E-4B98-8644-94EE9415E389}.AppStore|ARM.Build.0 = Release|Any CPU
		{0451BAEF-DF2E-4B98-8644-94EE9415E389}.AppStore|iPhone.ActiveCfg = Release|Any CPU
		{0451BAEF-DF2E-4B98-8644-94EE9415E389}.AppStore|iPhone.Build.0 = Release|Any CPU
		{0451BAEF-DF2E-4B98-8644-94EE9415E389}.AppStore|iPhoneSimulator.ActiveCfg = Release|Any CPU
		{0451BAEF-DF2E-4B98-8644-94EE9415E389}.AppStore|iPhoneSimulator.Build.0 = Release|Any CPU
		{0451BAEF-DF2E-4B98-8644-94EE9415E389}.AppStore|x64.ActiveCfg = Release|Any CPU
		{0451BAEF-DF2E-4B98-8644-94EE9415E389}.AppStore|x64.Build.0 = Release|Any CPU
		{0451BAEF-DF2E-4B98-8644-94EE9415E389}.AppStore|x86.ActiveCfg = Release|Any CPU
		{0451BAEF-DF2E-4B98-8644-94EE9415E389}.AppStore|x86.Build.0 = Release|Any CPU
		{0451BAEF-DF2E-4B98-8644-94EE9415E389}.Debug|Any CPU.ActiveCfg = Debug|Any CPU
		{0451BAEF-DF2E-4B98-8644-94EE9415E389}.Debug|Any CPU.Build.0 = Debug|Any CPU
		{0451BAEF-DF2E-4B98-8644-94EE9415E389}.Debug|ARM.ActiveCfg = Debug|Any CPU
		{0451BAEF-DF2E-4B98-8644-94EE9415E389}.Debug|ARM.Build.0 = Debug|Any CPU
		{0451BAEF-DF2E-4B98-8644-94EE9415E389}.Debug|iPhone.ActiveCfg = Debug|Any CPU
		{0451BAEF-DF2E-4B98-8644-94EE9415E389}.Debug|iPhone.Build.0 = Debug|Any CPU
		{0451BAEF-DF2E-4B98-8644-94EE9415E389}.Debug|iPhoneSimulator.ActiveCfg = Debug|Any CPU
		{0451BAEF-DF2E-4B98-8644-94EE9415E389}.Debug|iPhoneSimulator.Build.0 = Debug|Any CPU
		{0451BAEF-DF2E-4B98-8644-94EE9415E389}.Debug|x64.ActiveCfg = Debug|Any CPU
		{0451BAEF-DF2E-4B98-8644-94EE9415E389}.Debug|x64.Build.0 = Debug|Any CPU
		{0451BAEF-DF2E-4B98-8644-94EE9415E389}.Debug|x86.ActiveCfg = Debug|Any CPU
		{0451BAEF-DF2E-4B98-8644-94EE9415E389}.Debug|x86.Build.0 = Debug|Any CPU
		{0451BAEF-DF2E-4B98-8644-94EE9415E389}.Release|Any CPU.ActiveCfg = Release|Any CPU
		{0451BAEF-DF2E-4B98-8644-94EE9415E389}.Release|Any CPU.Build.0 = Release|Any CPU
		{0451BAEF-DF2E-4B98-8644-94EE9415E389}.Release|ARM.ActiveCfg = Release|Any CPU
		{0451BAEF-DF2E-4B98-8644-94EE9415E389}.Release|ARM.Build.0 = Release|Any CPU
		{0451BAEF-DF2E-4B98-8644-94EE9415E389}.Release|iPhone.ActiveCfg = Release|Any CPU
		{0451BAEF-DF2E-4B98-8644-94EE9415E389}.Release|iPhone.Build.0 = Release|Any CPU
		{0451BAEF-DF2E-4B98-8644-94EE9415E389}.Release|iPhoneSimulator.ActiveCfg = Release|Any CPU
		{0451BAEF-DF2E-4B98-8644-94EE9415E389}.Release|iPhoneSimulator.Build.0 = Release|Any CPU
		{0451BAEF-DF2E-4B98-8644-94EE9415E389}.Release|x64.ActiveCfg = Release|Any CPU
		{0451BAEF-DF2E-4B98-8644-94EE9415E389}.Release|x64.Build.0 = Release|Any CPU
		{0451BAEF-DF2E-4B98-8644-94EE9415E389}.Release|x86.ActiveCfg = Release|Any CPU
		{0451BAEF-DF2E-4B98-8644-94EE9415E389}.Release|x86.Build.0 = Release|Any CPU
	EndGlobalSection
	GlobalSection(SolutionProperties) = preSolution
		HideSolutionNode = FALSE
	EndGlobalSection
EndGlobal
